
Microsoft Visual Studio Solution File, Format Version 12.00
# Visual Studio Version 17
VisualStudioVersion = 17.9.34728.123
MinimumVisualStudioVersion = 10.0.40219.1
Project("{9A19103F-16F7-4668-BE54-9A1E7A4F7556}") = "Chess Logic", "Chess Logic\Chess Logic.csproj", "{DA5D83F7-8EA9-47F9-819D-7985F3906804}"
EndProject
Project("{9A19103F-16F7-4668-BE54-9A1E7A4F7556}") = "ChessUI", "ChessUI\ChessUI.csproj", "{7D704DEC-344F-400A-A67F-A2E86378E2C3}"
EndProject
Project("{2150E333-8FDC-42A3-9474-1A3956D46DE8}") = "Solution Items", "Solution Items", "{42915127-8851-4665-A538-D794ADDF2EEF}"
	ProjectSection(SolutionItems) = preProject
		README.md = README.md
	EndProjectSection
EndProject
Global
	GlobalSection(SolutionConfigurationPlatforms) = preSolution
		Debug|Any CPU = Debug|Any CPU
		Release|Any CPU = Release|Any CPU
	EndGlobalSection
	GlobalSection(ProjectConfigurationPlatforms) = postSolution
		{DA5D83F7-8EA9-47F9-819D-7985F3906804}.Debug|Any CPU.ActiveCfg = Debug|Any CPU
		{DA5D83F7-8EA9-47F9-819D-7985F3906804}.Debug|Any CPU.Build.0 = Debug|Any CPU
		{DA5D83F7-8EA9-47F9-819D-7985F3906804}.Release|Any CPU.ActiveCfg = Release|Any CPU
		{DA5D83F7-8EA9-47F9-819D-7985F3906804}.Release|Any CPU.Build.0 = Release|Any CPU
		{7D704DEC-344F-400A-A67F-A2E86378E2C3}.Debug|Any CPU.ActiveCfg = Debug|Any CPU
		{7D704DEC-344F-400A-A67F-A2E86378E2C3}.Debug|Any CPU.Build.0 = Debug|Any CPU
		{7D704DEC-344F-400A-A67F-A2E86378E2C3}.Release|Any CPU.ActiveCfg = Release|Any CPU
		{7D704DEC-344F-400A-A67F-A2E86378E2C3}.Release|Any CPU.Build.0 = Release|Any CPU
	EndGlobalSection
	GlobalSection(SolutionProperties) = preSolution
		HideSolutionNode = FALSE
	EndGlobalSection
	GlobalSection(ExtensibilityGlobals) = postSolution
		SolutionGuid = {9B86DD13-322A-4CBF-A918-AD553AB3D3FA}
	EndGlobalSection
EndGlobal
